PODS:
  - Flutter (1.0.0)
  - remote_pi_identity (0.1.0):
    - Flutter

DEPENDENCIES:
  - Flutter (from `Flutter`)
  - remote_pi_identity (from `.symlinks/plugins/remote_pi_identity/ios`)

EXTERNAL SOURCES:
  Flutter:
    :path: Flutter
  remote_pi_identity:
    :path: ".symlinks/plugins/remote_pi_identity/ios"

SPEC CHECKSUMS:
  Flutter: cabc95a1d2626b1b06e7179b784ebcf0c0cde467
  remote_pi_identity: 79fc1ce5ce7251142d4d7b63aa3b320c8e1ec972

PODFILE CHECKSUM: a7e626a62d8d10b9462255e9a1d44d98c08571c4

COCOAPODS: 1.16.2
